
Microsoft Visual Studio Solution File, Format Version 12.00
# Visual Studio 15
VisualStudioVersion = 15.0.27130.2026
MinimumVisualStudioVersion = 10.0.40219.1
Project("{FAE04EC0-301F-11D3-BF4B-00C04F79EFBC}") = "OCRVisualizer", "OCRVisualizer\OCRVisualizer.csproj", "{8AF460C5-DE80-4320-8CC3-1F50EEA98305}"
EndProject
Global
	GlobalSection(SolutionConfigurationPlatforms) = preSolution
		Debug|Any CPU = Debug|Any CPU
		Release|Any CPU = Release|Any CPU
	EndGlobalSection
	GlobalSection(ProjectConfigurationPlatforms) = postSolution
		{8AF460C5-DE80-4320-8CC3-1F50EEA98305}.Debug|Any CPU.ActiveCfg = Debug|Any CPU
		{8AF460C5-DE80-4320-8CC3-1F50EEA98305}.Debug|Any CPU.Build.0 = Debug|Any CPU
		{8AF460C5-DE80-4320-8CC3-1F50EEA98305}.Release|Any CPU.ActiveCfg = Release|Any CPU
		{8AF460C5-DE80-4320-8CC3-1F50EEA98305}.Release|Any CPU.Build.0 = Release|Any CPU
	EndGlobalSection
	GlobalSection(SolutionProperties) = preSolution
		HideSolutionNode = FALSE
	EndGlobalSection
	GlobalSection(ExtensibilityGlobals) = postSolution
		SolutionGuid = {892A003F-6ECE-4308-B11A-10CF9DDDCFEB}
	EndGlobalSection
EndGlobal
